<Solution>
  <Folder Name="/Solution Items/">
    <File Path=".editorconfig" />
    <File Path=".gitattributes" />
    <File Path=".gitignore" />
    <File Path="AGENTS.md" />
    <File Path="Directory.Build.props" />
    <File Path="Directory.Packages.props" />
    <File Path="global.json" />
    <File Path="opencode.json" />
    <File Path="README.md" />
    <File Path="specs.pdf" />
  </Folder>
  <Folder Name="/src/">
    <Project Path="src/GrillMaster.csproj" />
  </Folder>
  <Folder Name="/tests/">
    <Project Path="tests/GrillMaster.Tests/GrillMaster.Tests.csproj" Id="0e70c7a8-e98b-4204-bbbf-c272b33158f4" />
  </Folder>
</Solution>
